
Microsoft Visual Studio Solution File, Format Version 12.00
Project("{FAE04EC0-301F-11D3-BF4B-00C04F79EFBC}") = "PSK.GraphAlgorithms", "PSK.GraphAlgorithms\PSK.GraphAlgorithms.csproj", "{9EB76FF8-37C0-4306-8324-3C358922769B}"
EndProject
Project("{FAE04EC0-301F-11D3-BF4B-00C04F79EFBC}") = "PSK.GraphAlgorithms.Domain", "PSK.GraphAlgorithms.Domain\PSK.GraphAlgorithms.Domain.csproj", "{74D717AF-5BEB-4F8F-A77F-67E029F5BBF8}"
EndProject
Global
	GlobalSection(SolutionConfigurationPlatforms) = preSolution
		Debug|Any CPU = Debug|Any CPU
		Release|Any CPU = Release|Any CPU
	EndGlobalSection
	GlobalSection(ProjectConfigurationPlatforms) = postSolution
		{9EB76FF8-37C0-4306-8324-3C358922769B}.Debug|Any CPU.ActiveCfg = Debug|Any CPU
		{9EB76FF8-37C0-4306-8324-3C358922769B}.Debug|Any CPU.Build.0 = Debug|Any CPU
		{9EB76FF8-37C0-4306-8324-3C358922769B}.Release|Any CPU.ActiveCfg = Release|Any CPU
		{9EB76FF8-37C0-4306-8324-3C358922769B}.Release|Any CPU.Build.0 = Release|Any CPU
		{74D717AF-5BEB-4F8F-A77F-67E029F5BBF8}.Debug|Any CPU.ActiveCfg = Debug|Any CPU
		{74D717AF-5BEB-4F8F-A77F-67E029F5BBF8}.Debug|Any CPU.Build.0 = Debug|Any CPU
		{74D717AF-5BEB-4F8F-A77F-67E029F5BBF8}.Release|Any CPU.ActiveCfg = Release|Any CPU
		{74D717AF-5BEB-4F8F-A77F-67E029F5BBF8}.Release|Any CPU.Build.0 = Release|Any CPU
	EndGlobalSection
EndGlobal
